
Microsoft Visual Studio Solution File, Format Version 12.00
# Visual Studio 2013
VisualStudioVersion = 12.0.31101.0
MinimumVisualStudioVersion = 10.0.40219.1
Project("{FAE04EC0-301F-11D3-BF4B-00C04F79EFBC}") = "ArduinoPad", "ArduinoPad\ArduinoPad.csproj", "{9FA134F6-CB72-4C7C-A2AA-CE41B799D154}"
EndProject
Global
	GlobalSection(SolutionConfigurationPlatforms) = preSolution
		Debug|Any CPU = Debug|Any CPU
		Release|Any CPU = Release|Any CPU
	EndGlobalSection
	GlobalSection(ProjectConfigurationPlatforms) = postSolution
		{9FA134F6-CB72-4C7C-A2AA-CE41B799D154}.Debug|Any CPU.ActiveCfg = Debug|Any CPU
		{9FA134F6-CB72-4C7C-A2AA-CE41B799D154}.Debug|Any CPU.Build.0 = Debug|Any CPU
		{9FA134F6-CB72-4C7C-A2AA-CE41B799D154}.Release|Any CPU.ActiveCfg = Release|Any CPU
		{9FA134F6-CB72-4C7C-A2AA-CE41B799D154}.Release|Any CPU.Build.0 = Release|Any CPU
	EndGlobalSection
	GlobalSection(SolutionProperties) = preSolution
		HideSolutionNode = FALSE
	EndGlobalSection
EndGlobal
